
Microsoft Visual Studio Solution File, Format Version 12.00
# Visual Studio 15
VisualStudioVersion = 15.0.27703.2018
MinimumVisualStudioVersion = 10.0.40219.1
Project("{FAE04EC0-301F-11D3-BF4B-00C04F79EFBC}") = "WebApplication1", "WebApplication1\WebApplication1.csproj", "{5FD6BFAB-D120-43D4-9178-1CA2FE92DAE7}"
EndProject
Global
	GlobalSection(SolutionConfigurationPlatforms) = preSolution
		Debug|Any CPU = Debug|Any CPU
		Release|Any CPU = Release|Any CPU
	EndGlobalSection
	GlobalSection(ProjectConfigurationPlatforms) = postSolution
		{5FD6BFAB-D120-43D4-9178-1CA2FE92DAE7}.Debug|Any CPU.ActiveCfg = Debug|Any CPU
		{5FD6BFAB-D120-43D4-9178-1CA2FE92DAE7}.Debug|Any CPU.Build.0 = Debug|Any CPU
		{5FD6BFAB-D120-43D4-9178-1CA2FE92DAE7}.Release|Any CPU.ActiveCfg = Release|Any CPU
		{5FD6BFAB-D120-43D4-9178-1CA2FE92DAE7}.Release|Any CPU.Build.0 = Release|Any CPU
	EndGlobalSection
	GlobalSection(SolutionProperties) = preSolution
		HideSolutionNode = FALSE
	EndGlobalSection
	GlobalSection(ExtensibilityGlobals) = postSolution
		SolutionGuid = {73B3C16B-4113-40D2-A715-EDBD5B989F3C}
	EndGlobalSection
EndGlobal
